
Microsoft Visual Studio Solution File, Format Version 12.00
# Visual Studio Version 16
VisualStudioVersion = 16.0.31515.178
MinimumVisualStudioVersion = 10.0.40219.1
Project("{2150E333-8FDC-42A3-9474-1A3956D46DE8}") = "Core", "Core", "{0C427224-9439-4BC8-8487-5F3D32ED502E}"
EndProject
Project("{2150E333-8FDC-42A3-9474-1A3956D46DE8}") = "Infastructure", "Infastructure", "{1A54E105-830A-4C56-B0A3-264CC76C5C94}"
EndProject
Project("{2150E333-8FDC-42A3-9474-1A3956D46DE8}") = "Presentation", "Presentation", "{9C172E52-4B5F-4346-921B-8C92C2048281}"
EndProject
Project("{2150E333-8FDC-42A3-9474-1A3956D46DE8}") = "Tests", "Tests", "{865B77EC-4051-4873-9E90-E07FCA919A5A}"
EndProject
Project("{FAE04EC0-301F-11D3-BF4B-00C04F79EFBC}") = "Notes.Domain", "Notes.Domain\Notes.Domain.csproj", "{7F6C675A-DFF1-4AAF-A710-D276008E5182}"
EndProject
Project("{FAE04EC0-301F-11D3-BF4B-00C04F79EFBC}") = "Note.Application", "Note.Application\Note.Application.csproj", "{8E2371A4-A638-48C9-8155-DFC5F76A2792}"
EndProject
Project("{FAE04EC0-301F-11D3-BF4B-00C04F79EFBC}") = "Note.Presistence", "Note.Presistence\Note.Presistence.csproj", "{1249BBF4-673C-4EE7-81C2-18F4474DCBC5}"
EndProject
Project("{FAE04EC0-301F-11D3-BF4B-00C04F79EFBC}") = "Note.WebAPI", "Note.WebAPI\Note.WebAPI.csproj", "{A2850241-833E-4F7B-9EEB-41B1FC29FF32}"
EndProject
Global
	GlobalSection(SolutionConfigurationPlatforms) = preSolution
		Debug|Any CPU = Debug|Any CPU
		Release|Any CPU = Release|Any CPU
	EndGlobalSection
	GlobalSection(ProjectConfigurationPlatforms) = postSolution
		{7F6C675A-DFF1-4AAF-A710-D276008E5182}.Debug|Any CPU.ActiveCfg = Debug|Any CPU
		{7F6C675A-DFF1-4AAF-A710-D276008E5182}.Debug|Any CPU.Build.0 = Debug|Any CPU
		{7F6C675A-DFF1-4AAF-A710-D276008E5182}.Release|Any CPU.ActiveCfg = Release|Any CPU
		{7F6C675A-DFF1-4AAF-A710-D276008E5182}.Release|Any CPU.Build.0 = Release|Any CPU
		{8E2371A4-A638-48C9-8155-DFC5F76A2792}.Debug|Any CPU.ActiveCfg = Debug|Any CPU
		{8E2371A4-A638-48C9-8155-DFC5F76A2792}.Debug|Any CPU.Build.0 = Debug|Any CPU
		{8E2371A4-A638-48C9-8155-DFC5F76A2792}.Release|Any CPU.ActiveCfg = Release|Any CPU
		{8E2371A4-A638-48C9-8155-DFC5F76A2792}.Release|Any CPU.Build.0 = Release|Any CPU
		{1249BBF4-673C-4EE7-81C2-18F4474DCBC5}.Debug|Any CPU.ActiveCfg = Debug|Any CPU
		{1249BBF4-673C-4EE7-81C2-18F4474DCBC5}.Debug|Any CPU.Build.0 = Debug|Any CPU
		{1249BBF4-673C-4EE7-81C2-18F4474DCBC5}.Release|Any CPU.ActiveCfg = Release|Any CPU
		{1249BBF4-673C-4EE7-81C2-18F4474DCBC5}.Release|Any CPU.Build.0 = Release|Any CPU
		{A2850241-833E-4F7B-9EEB-41B1FC29FF32}.Debug|Any CPU.ActiveCfg = Debug|Any CPU
		{A2850241-833E-4F7B-9EEB-41B1FC29FF32}.Debug|Any CPU.Build.0 = Debug|Any CPU
		{A2850241-833E-4F7B-9EEB-41B1FC29FF32}.Release|Any CPU.ActiveCfg = Release|Any CPU
		{A2850241-833E-4F7B-9EEB-41B1FC29FF32}.Release|Any CPU.Build.0 = Release|Any CPU
	EndGlobalSection
	GlobalSection(SolutionProperties) = preSolution
		HideSolutionNode = FALSE
	EndGlobalSection
	GlobalSection(NestedProjects) = preSolution
		{7F6C675A-DFF1-4AAF-A710-D276008E5182} = {0C427224-9439-4BC8-8487-5F3D32ED502E}
		{8E2371A4-A638-48C9-8155-DFC5F76A2792} = {0C427224-9439-4BC8-8487-5F3D32ED502E}
		{1249BBF4-673C-4EE7-81C2-18F4474DCBC5} = {1A54E105-830A-4C56-B0A3-264CC76C5C94}
		{A2850241-833E-4F7B-9EEB-41B1FC29FF32} = {9C172E52-4B5F-4346-921B-8C92C2048281}
	EndGlobalSection
	GlobalSection(ExtensibilityGlobals) = postSolution
		SolutionGuid = {AECA072E-FF74-4F6D-98A2-D72DD18C1470}
	EndGlobalSection
EndGlobal
