
Microsoft Visual Studio Solution File, Format Version 12.00
# Visual Studio Version 16
VisualStudioVersion = 16.0.31515.178
MinimumVisualStudioVersion = 10.0.40219.1
Project("{2150E333-8FDC-42A3-9474-1A3956D46DE8}") = "Core", "Core", "{0C427224-9439-4BC8-8487-5F3D32ED502E}"
EndProject
Project("{2150E333-8FDC-42A3-9474-1A3956D46DE8}") = "Infastructure", "Infastructure", "{1A54E105-830A-4C56-B0A3-264CC76C5C94}"
EndProject
Project("{2150E333-8FDC-42A3-9474-1A3956D46DE8}") = "Presentation", "Presentation", "{9C172E52-4B5F-4346-921B-8C92C2048281}"
EndProject
Project("{2150E333-8FDC-42A3-9474-1A3956D46DE8}") = "Tests", "Tests", "{865B77EC-4051-4873-9E90-E07FCA919A5A}"
EndProject
Project("{FAE04EC0-301F-11D3-BF4B-00C04F79EFBC}") = "Notes.WebAPI", "Note.WebAPI\Notes.WebAPI.csproj", "{A2850241-833E-4F7B-9EEB-41B1FC29FF32}"
EndProject
Project("{FAE04EC0-301F-11D3-BF4B-00C04F79EFBC}") = "Notes.Domain", "Note.Domain\Notes.Domain.csproj", "{5E54ABB8-156D-4AFF-8196-7CB1E75545F0}"
EndProject
Project("{FAE04EC0-301F-11D3-BF4B-00C04F79EFBC}") = "Neotes.Application", "Neotes.Application\Neotes.Application.csproj", "{B7CEB8D0-33AB-4090-A421-20F2F3CAFA45}"
EndProject
Project("{FAE04EC0-301F-11D3-BF4B-00C04F79EFBC}") = "Notes.Persistence", "Notes.Persistence\Notes.Persistence.csproj", "{DE85AF50-18E9-4AEE-BC44-88CE56D96250}"
EndProject
Global
	GlobalSection(SolutionConfigurationPlatforms) = preSolution
		Debug|Any CPU = Debug|Any CPU
		Release|Any CPU = Release|Any CPU
	EndGlobalSection
	GlobalSection(ProjectConfigurationPlatforms) = postSolution
		{A2850241-833E-4F7B-9EEB-41B1FC29FF32}.Debug|Any CPU.ActiveCfg = Debug|Any CPU
		{A2850241-833E-4F7B-9EEB-41B1FC29FF32}.Debug|Any CPU.Build.0 = Debug|Any CPU
		{A2850241-833E-4F7B-9EEB-41B1FC29FF32}.Release|Any CPU.ActiveCfg = Release|Any CPU
		{A2850241-833E-4F7B-9EEB-41B1FC29FF32}.Release|Any CPU.Build.0 = Release|Any CPU
		{5E54ABB8-156D-4AFF-8196-7CB1E75545F0}.Debug|Any CPU.ActiveCfg = Debug|Any CPU
		{5E54ABB8-156D-4AFF-8196-7CB1E75545F0}.Debug|Any CPU.Build.0 = Debug|Any CPU
		{5E54ABB8-156D-4AFF-8196-7CB1E75545F0}.Release|Any CPU.ActiveCfg = Release|Any CPU
		{5E54ABB8-156D-4AFF-8196-7CB1E75545F0}.Release|Any CPU.Build.0 = Release|Any CPU
		{B7CEB8D0-33AB-4090-A421-20F2F3CAFA45}.Debug|Any CPU.ActiveCfg = Debug|Any CPU
		{B7CEB8D0-33AB-4090-A421-20F2F3CAFA45}.Debug|Any CPU.Build.0 = Debug|Any CPU
		{B7CEB8D0-33AB-4090-A421-20F2F3CAFA45}.Release|Any CPU.ActiveCfg = Release|Any CPU
		{B7CEB8D0-33AB-4090-A421-20F2F3CAFA45}.Release|Any CPU.Build.0 = Release|Any CPU
		{DE85AF50-18E9-4AEE-BC44-88CE56D96250}.Debug|Any CPU.ActiveCfg = Debug|Any CPU
		{DE85AF50-18E9-4AEE-BC44-88CE56D96250}.Debug|Any CPU.Build.0 = Debug|Any CPU
		{DE85AF50-18E9-4AEE-BC44-88CE56D96250}.Release|Any CPU.ActiveCfg = Release|Any CPU
		{DE85AF50-18E9-4AEE-BC44-88CE56D96250}.Release|Any CPU.Build.0 = Release|Any CPU
	EndGlobalSection
	GlobalSection(SolutionProperties) = preSolution
		HideSolutionNode = FALSE
	EndGlobalSection
	GlobalSection(NestedProjects) = preSolution
		{A2850241-833E-4F7B-9EEB-41B1FC29FF32} = {9C172E52-4B5F-4346-921B-8C92C2048281}
		{5E54ABB8-156D-4AFF-8196-7CB1E75545F0} = {0C427224-9439-4BC8-8487-5F3D32ED502E}
		{B7CEB8D0-33AB-4090-A421-20F2F3CAFA45} = {0C427224-9439-4BC8-8487-5F3D32ED502E}
		{DE85AF50-18E9-4AEE-BC44-88CE56D96250} = {1A54E105-830A-4C56-B0A3-264CC76C5C94}
	EndGlobalSection
	GlobalSection(ExtensibilityGlobals) = postSolution
		SolutionGuid = {AECA072E-FF74-4F6D-98A2-D72DD18C1470}
	EndGlobalSection
EndGlobal
